// !$*UTF8*$!
{
	archiveVersion = 1;
	classes = {
	};
	objectVersion = 50;
	objects = {

/* Begin PBXBuildFile section */
		254FF336259C57600080BFAA /* AppDelegate.swift in Sources */ = {isa = PBXBuildFile; fileRef = 254FF335259C57600080BFAA /* AppDelegate.swift */; };
		254FF338259C57600080BFAA /* SceneDelegate.swift in Sources */ = {isa = PBXBuildFile; fileRef = 254FF337259C57600080BFAA /* SceneDelegate.swift */; };
		254FF33A259C57600080BFAA /* ToDoListViewController.swift in Sources */ = {isa = PBXBuildFile; fileRef = 254FF339259C57600080BFAA /* ToDoListViewController.swift */; };
		254FF33D259C57600080BFAA /* Main.storyboard in Resources */ = {isa = PBXBuildFile; fileRef = 254FF33B259C57600080BFAA /* Main.storyboard */; };
		254FF33F259C57620080BFAA /* Assets.xcassets in Resources */ = {isa = PBXBuildFile; fileRef = 254FF33E259C57620080BFAA /* Assets.xcassets */; };
		254FF342259C57620080BFAA /* LaunchScreen.storyboard in Resources */ = {isa = PBXBuildFile; fileRef = 254FF340259C57620080BFAA /* LaunchScreen.storyboard */; };
		254FF34D259C57620080BFAA /* AppReminderTests.swift in Sources */ = {isa = PBXBuildFile; fileRef = 254FF34C259C57620080BFAA /* AppReminderTests.swift */; };
		254FF358259C57620080BFAA /* AppReminderUITests.swift in Sources */ = {isa = PBXBuildFile; fileRef = 254FF357259C57620080BFAA /* AppReminderUITests.swift */; };
		254FF369259C5A360080BFAA /* ToDo.swift in Sources */ = {isa = PBXBuildFile; fileRef = 254FF368259C5A360080BFAA /* ToDo.swift */; };
		254FF36E259C5B030080BFAA /* RowOfTableViewCell.swift in Sources */ = {isa = PBXBuildFile; fileRef = 254FF36D259C5B030080BFAA /* RowOfTableViewCell.swift */; };
		254FF376259C6D840080BFAA /* ReminderDetailViewController.swift in Sources */ = {isa = PBXBuildFile; fileRef = 254FF375259C6D840080BFAA /* ReminderDetailViewController.swift */; };
		254FF37E259C86B40080BFAA /* AddReminderViewController.swift in Sources */ = {isa = PBXBuildFile; fileRef = 254FF37D259C86B40080BFAA /* AddReminderViewController.swift */; };
		256764EE259D7D0D00A81B7D /* ReminderData.swift in Sources */ = {isa = PBXBuildFile; fileRef = 256764ED259D7D0D00A81B7D /* ReminderData.swift */; };
/* End PBXBuildFile section */

/* Begin PBXContainerItemProxy section */
		254FF349259C57620080BFAA /* PBXContainerItemProxy */ = {
			isa = PBXContainerItemProxy;
			containerPortal = 254FF32A259C57600080BFAA /* Project object */;
			proxyType = 1;
			remoteGlobalIDString = 254FF331259C57600080BFAA;
			remoteInfo = AppReminder;
		};
		254FF354259C57620080BFAA /* PBXContainerItemProxy */ = {
			isa = PBXContainerItemProxy;
			containerPortal = 254FF32A259C57600080BFAA /* Project object */;
			proxyType = 1;
			remoteGlobalIDString = 254FF331259C57600080BFAA;
			remoteInfo = AppReminder;
		};
/* End PBXContainerItemProxy section */

/* Begin PBXFileReference section */
		254FF332259C57600080BFAA /* AppReminder.app */ = {isa = PBXFileReference; explicitFileType = wrapper.application; includeInIndex = 0; path = AppReminder.app; sourceTree = BUILT_PRODUCTS_DIR; };
		254FF335259C57600080BFAA /* AppDelegate.swift */ = {isa = PBXFileReference; lastKnownFileType = sourcecode.swift; path = AppDelegate.swift; sourceTree = "<group>"; };
		254FF337259C57600080BFAA /* SceneDelegate.swift */ = {isa = PBXFileReference; lastKnownFileType = sourcecode.swift; path = SceneDelegate.swift; sourceTree = "<group>"; };
		254FF339259C57600080BFAA /* ToDoListViewController.swift */ = {isa = PBXFileReference; lastKnownFileType = sourcecode.swift; path = ToDoListViewController.swift; sourceTree = "<group>"; };
		254FF33C259C57600080BFAA /* Base */ = {isa = PBXFileReference; lastKnownFileType = file.storyboard; name = Base; path = Base.lproj/Main.storyboard; sourceTree = "<group>"; };
		254FF33E259C57620080BFAA /* Assets.xcassets */ = {isa = PBXFileReference; lastKnownFileType = folder.assetcatalog; path = Assets.xcassets; sourceTree = "<group>"; };
		254FF341259C57620080BFAA /* Base */ = {isa = PBXFileReference; lastKnownFileType = file.storyboard; name = Base; path = Base.lproj/LaunchScreen.storyboard; sourceTree = "<group>"; };
		254FF343259C57620080BFAA /* Info.plist */ = {isa = PBXFileReference; lastKnownFileType = text.plist.xml; path = Info.plist; sourceTree = "<group>"; };
		254FF348259C57620080BFAA /* AppReminderTests.xctest */ = {isa = PBXFileReference; explicitFileType = wrapper.cfbundle; includeInIndex = 0; path = AppReminderTests.xctest; sourceTree = BUILT_PRODUCTS_DIR; };
		254FF34C259C57620080BFAA /* AppReminderTests.swift */ = {isa = PBXFileReference; lastKnownFileType = sourcecode.swift; path = AppReminderTests.swift; sourceTree = "<group>"; };
		254FF34E259C57620080BFAA /* Info.plist */ = {isa = PBXFileReference; lastKnownFileType = text.plist.xml; path = Info.plist; sourceTree = "<group>"; };
		254FF353259C57620080BFAA /* AppReminderUITests.xctest */ = {isa = PBXFileReference; explicitFileType = wrapper.cfbundle; includeInIndex = 0; path = AppReminderUITests.xctest; sourceTree = BUILT_PRODUCTS_DIR; };
		254FF357259C57620080BFAA /* AppReminderUITests.swift */ = {isa = PBXFileReference; lastKnownFileType = sourcecode.swift; path = AppReminderUITests.swift; sourceTree = "<group>"; };
		254FF359259C57620080BFAA /* Info.plist */ = {isa = PBXFileReference; lastKnownFileType = text.plist.xml; path = Info.plist; sourceTree = "<group>"; };
		254FF368259C5A360080BFAA /* ToDo.swift */ = {isa = PBXFileReference; lastKnownFileType = sourcecode.swift; path = ToDo.swift; sourceTree = "<group>"; };
		254FF36D259C5B030080BFAA /* RowOfTableViewCell.swift */ = {isa = PBXFileReference; lastKnownFileType = sourcecode.swift; path = RowOfTableViewCell.swift; sourceTree = "<group>"; };
		254FF375259C6D840080BFAA /* ReminderDetailViewController.swift */ = {isa = PBXFileReference; lastKnownFileType = sourcecode.swift; path = ReminderDetailViewController.swift; sourceTree = "<group>"; };
		254FF37D259C86B40080BFAA /* AddReminderViewController.swift */ = {isa = PBXFileReference; lastKnownFileType = sourcecode.swift; path = AddReminderViewController.swift; sourceTree = "<group>"; };
		256764ED259D7D0D00A81B7D /* ReminderData.swift */ = {isa = PBXFileReference; lastKnownFileType = sourcecode.swift; path = ReminderData.swift; sourceTree = "<group>"; };
/* End PBXFileReference section */

/* Begin PBXFrameworksBuildPhase section */
		254FF32F259C57600080BFAA /* Frameworks */ = {
			isa = PBXFrameworksBuildPhase;
			buildActionMask = 2147483647;
			files = (
			);
			runOnlyForDeploymentPostprocessing = 0;
		};
		254FF345259C57620080BFAA /* Frameworks */ = {
			isa = PBXFrameworksBuildPhase;
			buildActionMask = 2147483647;
			files = (
			);
			runOnlyForDeploymentPostprocessing = 0;
		};
		254FF350259C57620080BFAA /* Frameworks */ = {
			isa = PBXFrameworksBuildPhase;
			buildActionMask = 2147483647;
			files = (
			);
			runOnlyForDeploymentPostprocessing = 0;
		};
/* End PBXFrameworksBuildPhase section */

/* Begin PBXGroup section */
		254FF329259C57600080BFAA = {
			isa = PBXGroup;
			children = (
				254FF334259C57600080BFAA /* AppReminder */,
				254FF34B259C57620080BFAA /* AppReminderTests */,
				254FF356259C57620080BFAA /* AppReminderUITests */,
				254FF333259C57600080BFAA /* Products */,
			);
			sourceTree = "<group>";
		};
		254FF333259C57600080BFAA /* Products */ = {
			isa = PBXGroup;
			children = (
				254FF332259C57600080BFAA /* AppReminder.app */,
				254FF348259C57620080BFAA /* AppReminderTests.xctest */,
				254FF353259C57620080BFAA /* AppReminderUITests.xctest */,
			);
			name = Products;
			sourceTree = "<group>";
		};
		254FF334259C57600080BFAA /* AppReminder */ = {
			isa = PBXGroup;
			children = (
				256764EC259D7CF900A81B7D /* Data */,
				254FF335259C57600080BFAA /* AppDelegate.swift */,
				254FF337259C57600080BFAA /* SceneDelegate.swift */,
				254FF339259C57600080BFAA /* ToDoListViewController.swift */,
				254FF36D259C5B030080BFAA /* RowOfTableViewCell.swift */,
				254FF368259C5A360080BFAA /* ToDo.swift */,
				254FF375259C6D840080BFAA /* ReminderDetailViewController.swift */,
				254FF37D259C86B40080BFAA /* AddReminderViewController.swift */,
				254FF33B259C57600080BFAA /* Main.storyboard */,
				254FF33E259C57620080BFAA /* Assets.xcassets */,
				254FF340259C57620080BFAA /* LaunchScreen.storyboard */,
				254FF343259C57620080BFAA /* Info.plist */,
			);
			path = AppReminder;
			sourceTree = "<group>";
		};
		254FF34B259C57620080BFAA /* AppReminderTests */ = {
			isa = PBXGroup;
			children = (
				254FF34C259C57620080BFAA /* AppReminderTests.swift */,
				254FF34E259C57620080BFAA /* Info.plist */,
			);
			path = AppReminderTests;
			sourceTree = "<group>";
		};
		254FF356259C57620080BFAA /* AppReminderUITests */ = {
			isa = PBXGroup;
			children = (
				254FF357259C57620080BFAA /* AppReminderUITests.swift */,
				254FF359259C57620080BFAA /* Info.plist */,
			);
			path = AppReminderUITests;
			sourceTree = "<group>";
		};
		256764EC259D7CF900A81B7D /* Data */ = {
			isa = PBXGroup;
			children = (
				256764ED259D7D0D00A81B7D /* ReminderData.swift */,
			);
			path = Data;
			sourceTree = "<group>";
		};
/* End PBXGroup section */

/* Begin PBXNativeTarget section */
		254FF331259C57600080BFAA /* AppReminder */ = {
			isa = PBXNativeTarget;
			buildConfigurationList = 254FF35C259C57620080BFAA /* Build configuration list for PBXNativeTarget "AppReminder" */;
			buildPhases = (
				254FF32E259C57600080BFAA /* Sources */,
				254FF32F259C57600080BFAA /* Frameworks */,
				254FF330259C57600080BFAA /* Resources */,
			);
			buildRules = (
			);
			dependencies = (
			);
			name = AppReminder;
			productName = AppReminder;
			productReference = 254FF332259C57600080BFAA /* AppReminder.app */;
			productType = "com.apple.product-type.application";
		};
		254FF347259C57620080BFAA /* AppReminderTests */ = {
			isa = PBXNativeTarget;
			buildConfigurationList = 254FF35F259C57620080BFAA /* Build configuration list for PBXNativeTarget "AppReminderTests" */;
			buildPhases = (
				254FF344259C57620080BFAA /* Sources */,
				254FF345259C57620080BFAA /* Frameworks */,
				254FF346259C57620080BFAA /* Resources */,
			);
			buildRules = (
			);
			dependencies = (
				254FF34A259C57620080BFAA /* PBXTargetDependency */,
			);
			name = AppReminderTests;
			productName = AppReminderTests;
			productReference = 254FF348259C57620080BFAA /* AppReminderTests.xctest */;
			productType = "com.apple.product-type.bundle.unit-test";
		};
		254FF352259C57620080BFAA /* AppReminderUITests */ = {
			isa = PBXNativeTarget;
			buildConfigurationList = 254FF362259C57620080BFAA /* Build configuration list for PBXNativeTarget "AppReminderUITests" */;
			buildPhases = (
				254FF34F259C57620080BFAA /* Sources */,
				254FF350259C57620080BFAA /* Frameworks */,
				254FF351259C57620080BFAA /* Resources */,
			);
			buildRules = (
			);
			dependencies = (
				254FF355259C57620080BFAA /* PBXTargetDependency */,
			);
			name = AppReminderUITests;
			productName = AppReminderUITests;
			productReference = 254FF353259C57620080BFAA /* AppReminderUITests.xctest */;
			productType = "com.apple.product-type.bundle.ui-testing";
		};
/* End PBXNativeTarget section */

/* Begin PBXProject section */
		254FF32A259C57600080BFAA /* Project object */ = {
			isa = PBXProject;
			attributes = {
				LastSwiftUpdateCheck = 1230;
				LastUpgradeCheck = 1230;
				TargetAttributes = {
					254FF331259C57600080BFAA = {
						CreatedOnToolsVersion = 12.3;
					};
					254FF347259C57620080BFAA = {
						CreatedOnToolsVersion = 12.3;
						TestTargetID = 254FF331259C57600080BFAA;
					};
					254FF352259C57620080BFAA = {
						CreatedOnToolsVersion = 12.3;
						TestTargetID = 254FF331259C57600080BFAA;
					};
				};
			};
			buildConfigurationList = 254FF32D259C57600080BFAA /* Build configuration list for PBXProject "AppReminder" */;
			compatibilityVersion = "Xcode 9.3";
			developmentRegion = en;
			hasScannedForEncodings = 0;
			knownRegions = (
				en,
				Base,
			);
			mainGroup = 254FF329259C57600080BFAA;
			productRefGroup = 254FF333259C57600080BFAA /* Products */;
			projectDirPath = "";
			projectRoot = "";
			targets = (
				254FF331259C57600080BFAA /* AppReminder */,
				254FF347259C57620080BFAA /* AppReminderTests */,
				254FF352259C57620080BFAA /* AppReminderUITests */,
			);
		};
/* End PBXProject section */

/* Begin PBXResourcesBuildPhase section */
		254FF330259C57600080BFAA /* Resources */ = {
			isa = PBXResourcesBuildPhase;
			buildActionMask = 2147483647;
			files = (
				254FF342259C57620080BFAA /* LaunchScreen.storyboard in Resources */,
				254FF33F259C57620080BFAA /* Assets.xcassets in Resources */,
				254FF33D259C57600080BFAA /* Main.storyboard in Resources */,
			);
			runOnlyForDeploymentPostprocessing = 0;
		};
		254FF346259C57620080BFAA /* Resources */ = {
			isa = PBXResourcesBuildPhase;
			buildActionMask = 2147483647;
			files = (
			);
			runOnlyForDeploymentPostprocessing = 0;
		};
		254FF351259C57620080BFAA /* Resources */ = {
			isa = PBXResourcesBuildPhase;
			buildActionMask = 2147483647;
			files = (
			);
			runOnlyForDeploymentPostprocessing = 0;
		};
/* End PBXResourcesBuildPhase section */

/* Begin PBXSourcesBuildPhase section */
		254FF32E259C57600080BFAA /* Sources */ = {
			isa = PBXSourcesBuildPhase;
			buildActionMask = 2147483647;
			files = (
				254FF36E259C5B030080BFAA /* RowOfTableViewCell.swift in Sources */,
				254FF33A259C57600080BFAA /* ToDoListViewController.swift in Sources */,
				254FF336259C57600080BFAA /* AppDelegate.swift in Sources */,
				254FF376259C6D840080BFAA /* ReminderDetailViewController.swift in Sources */,
				254FF338259C57600080BFAA /* SceneDelegate.swift in Sources */,
				256764EE259D7D0D00A81B7D /* ReminderData.swift in Sources */,
				254FF37E259C86B40080BFAA /* AddReminderViewController.swift in Sources */,
				254FF369259C5A360080BFAA /* ToDo.swift in Sources */,
			);
			runOnlyForDeploymentPostprocessing = 0;
		};
		254FF344259C57620080BFAA /* Sources */ = {
			isa = PBXSourcesBuildPhase;
			buildActionMask = 2147483647;
			files = (
				254FF34D259C57620080BFAA /* AppReminderTests.swift in Sources */,
			);
			runOnlyForDeploymentPostprocessing = 0;
		};
		254FF34F259C57620080BFAA /* Sources */ = {
			isa = PBXSourcesBuildPhase;
			buildActionMask = 2147483647;
			files = (
				254FF358259C57620080BFAA /* AppReminderUITests.swift in Sources */,
			);
			runOnlyForDeploymentPostprocessing = 0;
		};
/* End PBXSourcesBuildPhase section */

/* Begin PBXTargetDependency section */
		254FF34A259C57620080BFAA /* PBXTargetDependency */ = {
			isa = PBXTargetDependency;
			target = 254FF331259C57600080BFAA /* AppReminder */;
			targetProxy = 254FF349259C57620080BFAA /* PBXContainerItemProxy */;
		};
		254FF355259C57620080BFAA /* PBXTargetDependency */ = {
			isa = PBXTargetDependency;
			target = 254FF331259C57600080BFAA /* AppReminder */;
			targetProxy = 254FF354259C57620080BFAA /* PBXContainerItemProxy */;
		};
/* End PBXTargetDependency section */

/* Begin PBXVariantGroup section */
		254FF33B259C57600080BFAA /* Main.storyboard */ = {
			isa = PBXVariantGroup;
			children = (
				254FF33C259C57600080BFAA /* Base */,
			);
			name = Main.storyboard;
			sourceTree = "<group>";
		};
		254FF340259C57620080BFAA /* LaunchScreen.storyboard */ = {
			isa = PBXVariantGroup;
			children = (
				254FF341259C57620080BFAA /* Base */,
			);
			name = LaunchScreen.storyboard;
			sourceTree = "<group>";
		};
/* End PBXVariantGroup section */

/* Begin XCBuildConfiguration section */
		254FF35A259C57620080BFAA /* Debug */ = {
			isa = XCBuildConfiguration;
			buildSettings = {
				ALWAYS_SEARCH_USER_PATHS = NO;
				CLANG_ANALYZER_NONNULL = YES;
				CLANG_ANALYZER_NUMBER_OBJECT_CONVERSION = YES_AGGRESSIVE;
				CLANG_CXX_LANGUAGE_STANDARD = "gnu++14";
				CLANG_CXX_LIBRARY = "libc++";
				CLANG_ENABLE_MODULES = YES;
				CLANG_ENABLE_OBJC_ARC = YES;
				CLANG_ENABLE_OBJC_WEAK = YES;
				CLANG_WARN_BLOCK_CAPTURE_AUTORELEASING = YES;
				CLANG_WARN_BOOL_CONVERSION = YES;
				CLANG_WARN_COMMA = YES;
				CLANG_WARN_CONSTANT_CONVERSION = YES;
				CLANG_WARN_DEPRECATED_OBJC_IMPLEMENTATIONS = YES;
				CLANG_WARN_DIRECT_OBJC_ISA_USAGE = YES_ERROR;
				CLANG_WARN_DOCUMENTATION_COMMENTS = YES;
				CLANG_WARN_EMPTY_BODY = YES;
				CLANG_WARN_ENUM_CONVERSION = YES;
				CLANG_WARN_INFINITE_RECURSION = YES;
				CLANG_WARN_INT_CONVERSION = YES;
				CLANG_WARN_NON_LITERAL_NULL_CONVERSION = YES;
				CLANG_WARN_OBJC_IMPLICIT_RETAIN_SELF = YES;
				CLANG_WARN_OBJC_LITERAL_CONVERSION = YES;
				CLANG_WARN_OBJC_ROOT_CLASS = YES_ERROR;
				CLANG_WARN_QUOTED_INCLUDE_IN_FRAMEWORK_HEADER = YES;
				CLANG_WARN_RANGE_LOOP_ANALYSIS = YES;
				CLANG_WARN_STRICT_PROTOTYPES = YES;
				CLANG_WARN_SUSPICIOUS_MOVE = YES;
				CLANG_WARN_UNGUARDED_AVAILABILITY = YES_AGGRESSIVE;
				CLANG_WARN_UNREACHABLE_CODE = YES;
				CLANG_WARN__DUPLICATE_METHOD_MATCH = YES;
				COPY_PHASE_STRIP = NO;
				DEBUG_INFORMATION_FORMAT = dwarf;
				ENABLE_STRICT_OBJC_MSGSEND = YES;
				ENABLE_TESTABILITY = YES;
				GCC_C_LANGUAGE_STANDARD = gnu11;
				GCC_DYNAMIC_NO_PIC = NO;
				GCC_NO_COMMON_BLOCKS = YES;
				GCC_OPTIMIZATION_LEVEL = 0;
				GCC_PREPROCESSOR_DEFINITIONS = (
					"DEBUG=1",
					"$(inherited)",
				);
				GCC_WARN_64_TO_32_BIT_CONVERSION = YES;
				GCC_WARN_ABOUT_RETURN_TYPE = YES_ERROR;
				GCC_WARN_UNDECLARED_SELECTOR = YES;
				GCC_WARN_UNINITIALIZED_AUTOS = YES_AGGRESSIVE;
				GCC_WARN_UNUSED_FUNCTION = YES;
				GCC_WARN_UNUSED_VARIABLE = YES;
				IPHONEOS_DEPLOYMENT_TARGET = 14.3;
				MTL_ENABLE_DEBUG_INFO = INCLUDE_SOURCE;
				MTL_FAST_MATH = YES;
				ONLY_ACTIVE_ARCH = YES;
				SDKROOT = iphoneos;
				SWIFT_ACTIVE_COMPILATION_CONDITIONS = DEBUG;
				SWIFT_OPTIMIZATION_LEVEL = "-Onone";
			};
			name = Debug;
		};
		254FF35B259C57620080BFAA /* Release */ = {
			isa = XCBuildConfiguration;
			buildSettings = {
				ALWAYS_SEARCH_USER_PATHS = NO;
				CLANG_ANALYZER_NONNULL = YES;
				CLANG_ANALYZER_NUMBER_OBJECT_CONVERSION = YES_AGGRESSIVE;
				CLANG_CXX_LANGUAGE_STANDARD = "gnu++14";
				CLANG_CXX_LIBRARY = "libc++";
				CLANG_ENABLE_MODULES = YES;
				CLANG_ENABLE_OBJC_ARC = YES;
				CLANG_ENABLE_OBJC_WEAK = YES;
				CLANG_WARN_BLOCK_CAPTURE_AUTORELEASING = YES;
				CLANG_WARN_BOOL_CONVERSION = YES;
				CLANG_WARN_COMMA = YES;
				CLANG_WARN_CONSTANT_CONVERSION = YES;
				CLANG_WARN_DEPRECATED_OBJC_IMPLEMENTATIONS = YES;
				CLANG_WARN_DIRECT_OBJC_ISA_USAGE = YES_ERROR;
				CLANG_WARN_DOCUMENTATION_COMMENTS = YES;
				CLANG_WARN_EMPTY_BODY = YES;
				CLANG_WARN_ENUM_CONVERSION = YES;
				CLANG_WARN_INFINITE_RECURSION = YES;
				CLANG_WARN_INT_CONVERSION = YES;
				CLANG_WARN_NON_LITERAL_NULL_CONVERSION = YES;
				CLANG_WARN_OBJC_IMPLICIT_RETAIN_SELF = YES;
				CLANG_WARN_OBJC_LITERAL_CONVERSION = YES;
				CLANG_WARN_OBJC_ROOT_CLASS = YES_ERROR;
				CLANG_WARN_QUOTED_INCLUDE_IN_FRAMEWORK_HEADER = YES;
				CLANG_WARN_RANGE_LOOP_ANALYSIS = YES;
				CLANG_WARN_STRICT_PROTOTYPES = YES;
				CLANG_WARN_SUSPICIOUS_MOVE = YES;
				CLANG_WARN_UNGUARDED_AVAILABILITY = YES_AGGRESSIVE;
				CLANG_WARN_UNREACHABLE_CODE = YES;
				CLANG_WARN__DUPLICATE_METHOD_MATCH = YES;
				COPY_PHASE_STRIP = NO;
				DEBUG_INFORMATION_FORMAT = "dwarf-with-dsym";
				ENABLE_NS_ASSERTIONS = NO;
				ENABLE_STRICT_OBJC_MSGSEND = YES;
				GCC_C_LANGUAGE_STANDARD = gnu11;
				GCC_NO_COMMON_BLOCKS = YES;
				GCC_WARN_64_TO_32_BIT_CONVERSION = YES;
				GCC_WARN_ABOUT_RETURN_TYPE = YES_ERROR;
				GCC_WARN_UNDECLARED_SELECTOR = YES;
				GCC_WARN_UNINITIALIZED_AUTOS = YES_AGGRESSIVE;
				GCC_WARN_UNUSED_FUNCTION = YES;
				GCC_WARN_UNUSED_VARIABLE = YES;
				IPHONEOS_DEPLOYMENT_TARGET = 14.3;
				MTL_ENABLE_DEBUG_INFO = NO;
				MTL_FAST_MATH = YES;
				SDKROOT = iphoneos;
				SWIFT_COMPILATION_MODE = wholemodule;
				SWIFT_OPTIMIZATION_LEVEL = "-O";
				VALIDATE_PRODUCT = YES;
			};
			name = Release;
		};
		254FF35D259C57620080BFAA /* Debug */ = {
			isa = XCBuildConfiguration;
			buildSettings = {
				ASSETCATALOG_COMPILER_APPICON_NAME = AppIcon;
				ASSETCATALOG_COMPILER_GLOBAL_ACCENT_COLOR_NAME = AccentColor;
				CODE_SIGN_STYLE = Automatic;
				INFOPLIST_FILE = AppReminder/Info.plist;
				LD_RUNPATH_SEARCH_PATHS = (
					"$(inherited)",
					"@executable_path/Frameworks",
				);
				PRODUCT_BUNDLE_IDENTIFIER = manhnn.AppReminder;
				PRODUCT_NAME = "$(TARGET_NAME)";
				SWIFT_VERSION = 5.0;
				TARGETED_DEVICE_FAMILY = "1,2";
			};
			name = Debug;
		};
		254FF35E259C57620080BFAA /* Release */ = {
			isa = XCBuildConfiguration;
			buildSettings = {
				ASSETCATALOG_COMPILER_APPICON_NAME = AppIcon;
				ASSETCATALOG_COMPILER_GLOBAL_ACCENT_COLOR_NAME = AccentColor;
				CODE_SIGN_STYLE = Automatic;
				INFOPLIST_FILE = AppReminder/Info.plist;
				LD_RUNPATH_SEARCH_PATHS = (
					"$(inherited)",
					"@executable_path/Frameworks",
				);
				PRODUCT_BUNDLE_IDENTIFIER = manhnn.AppReminder;
				PRODUCT_NAME = "$(TARGET_NAME)";
				SWIFT_VERSION = 5.0;
				TARGETED_DEVICE_FAMILY = "1,2";
			};
			name = Release;
		};
		254FF360259C57620080BFAA /* Debug */ = {
			isa = XCBuildConfiguration;
			buildSettings = {
				ALWAYS_EMBED_SWIFT_STANDARD_LIBRARIES = YES;
				BUNDLE_LOADER = "$(TEST_HOST)";
				CODE_SIGN_STYLE = Automatic;
				INFOPLIST_FILE = AppReminderTests/Info.plist;
				IPHONEOS_DEPLOYMENT_TARGET = 14.3;
				LD_RUNPATH_SEARCH_PATHS = (
					"$(inherited)",
					"@executable_path/Frameworks",
					"@loader_path/Frameworks",
				);
				PRODUCT_BUNDLE_IDENTIFIER = manhnn.AppReminderTests;
				PRODUCT_NAME = "$(TARGET_NAME)";
				SWIFT_VERSION = 5.0;
				TARGETED_DEVICE_FAMILY = "1,2";
				TEST_HOST = "$(BUILT_PRODUCTS_DIR)/AppReminder.app/AppReminder";
			};
			name = Debug;
		};
		254FF361259C57620080BFAA /* Release */ = {
			isa = XCBuildConfiguration;
			buildSettings = {
				ALWAYS_EMBED_SWIFT_STANDARD_LIBRARIES = YES;
				BUNDLE_LOADER = "$(TEST_HOST)";
				CODE_SIGN_STYLE = Automatic;
				INFOPLIST_FILE = AppReminderTests/Info.plist;
				IPHONEOS_DEPLOYMENT_TARGET = 14.3;
				LD_RUNPATH_SEARCH_PATHS = (
					"$(inherited)",
					"@executable_path/Frameworks",
					"@loader_path/Frameworks",
				);
				PRODUCT_BUNDLE_IDENTIFIER = manhnn.AppReminderTests;
				PRODUCT_NAME = "$(TARGET_NAME)";
				SWIFT_VERSION = 5.0;
				TARGETED_DEVICE_FAMILY = "1,2";
				TEST_HOST = "$(BUILT_PRODUCTS_DIR)/AppReminder.app/AppReminder";
			};
			name = Release;
		};
		254FF363259C57620080BFAA /* Debug */ = {
			isa = XCBuildConfiguration;
			buildSettings = {
				ALWAYS_EMBED_SWIFT_STANDARD_LIBRARIES = YES;
				CODE_SIGN_STYLE = Automatic;
				INFOPLIST_FILE = AppReminderUITests/Info.plist;
				LD_RUNPATH_SEARCH_PATHS = (
					"$(inherited)",
					"@executable_path/Frameworks",
					"@loader_path/Frameworks",
				);
				PRODUCT_BUNDLE_IDENTIFIER = manhnn.AppReminderUITests;
				PRODUCT_NAME = "$(TARGET_NAME)";
				SWIFT_VERSION = 5.0;
				TARGETED_DEVICE_FAMILY = "1,2";
				TEST_TARGET_NAME = AppReminder;
			};
			name = Debug;
		};
		254FF364259C57620080BFAA /* Release */ = {
			isa = XCBuildConfiguration;
			buildSettings = {
				ALWAYS_EMBED_SWIFT_STANDARD_LIBRARIES = YES;
				CODE_SIGN_STYLE = Automatic;
				INFOPLIST_FILE = AppReminderUITests/Info.plist;
				LD_RUNPATH_SEARCH_PATHS = (
					"$(inherited)",
					"@executable_path/Frameworks",
					"@loader_path/Frameworks",
				);
				PRODUCT_BUNDLE_IDENTIFIER = manhnn.AppReminderUITests;
				PRODUCT_NAME = "$(TARGET_NAME)";
				SWIFT_VERSION = 5.0;
				TARGETED_DEVICE_FAMILY = "1,2";
				TEST_TARGET_NAME = AppReminder;
			};
			name = Release;
		};
/* End XCBuildConfiguration section */

/* Begin XCConfigurationList section */
		254FF32D259C57600080BFAA /* Build configuration list for PBXProject "AppReminder" */ = {
			isa = XCConfigurationList;
			buildConfigurations = (
				254FF35A259C57620080BFAA /* Debug */,
				254FF35B259C57620080BFAA /* Release */,
			);
			defaultConfigurationIsVisible = 0;
			defaultConfigurationName = Release;
		};
		254FF35C259C57620080BFAA /* Build configuration list for PBXNativeTarget "AppReminder" */ = {
			isa = XCConfigurationList;
			buildConfigurations = (
				254FF35D259C57620080BFAA /* Debug */,
				254FF35E259C57620080BFAA /* Release */,
			);
			defaultConfigurationIsVisible = 0;
			defaultConfigurationName = Release;
		};
		254FF35F259C57620080BFAA /* Build configuration list for PBXNativeTarget "AppReminderTests" */ = {
			isa = XCConfigurationList;
			buildConfigurations = (
				254FF360259C57620080BFAA /* Debug */,
				254FF361259C57620080BFAA /* Release */,
			);
			defaultConfigurationIsVisible = 0;
			defaultConfigurationName = Release;
		};
		254FF362259C57620080BFAA /* Build configuration list for PBXNativeTarget "AppReminderUITests" */ = {
			isa = XCConfigurationList;
			buildConfigurations = (
				254FF363259C57620080BFAA /* Debug */,
				254FF364259C57620080BFAA /* Release */,
			);
			defaultConfigurationIsVisible = 0;
			defaultConfigurationName = Release;
		};
/* End XCConfigurationList section */
	};
	rootObject = 254FF32A259C57600080BFAA /* Project object */;
}
